
Microsoft Visual Studio Solution File, Format Version 12.00
# Visual Studio Version 17
VisualStudioVersion = 17.1.32421.90
MinimumVisualStudioVersion = 10.0.40219.1
Project("{FAE04EC0-301F-11D3-BF4B-00C04F79EFBC}") = "learnchess", "learnchess\learnchess.csproj", "{7DEDFC76-14E1-4A34-B0FE-81DC3E629C8A}"
EndProject
Global
	GlobalSection(SolutionConfigurationPlatforms) = preSolution
		Debug|Any CPU = Debug|Any CPU
		Release|Any CPU = Release|Any CPU
	EndGlobalSection
	GlobalSection(ProjectConfigurationPlatforms) = postSolution
		{7DEDFC76-14E1-4A34-B0FE-81DC3E629C8A}.Debug|Any CPU.ActiveCfg = Debug|Any CPU
		{7DEDFC76-14E1-4A34-B0FE-81DC3E629C8A}.Debug|Any CPU.Build.0 = Debug|Any CPU
		{7DEDFC76-14E1-4A34-B0FE-81DC3E629C8A}.Release|Any CPU.ActiveCfg = Release|Any CPU
		{7DEDFC76-14E1-4A34-B0FE-81DC3E629C8A}.Release|Any CPU.Build.0 = Release|Any CPU
	EndGlobalSection
	GlobalSection(SolutionProperties) = preSolution
		HideSolutionNode = FALSE
	EndGlobalSection
	GlobalSection(ExtensibilityGlobals) = postSolution
		SolutionGuid = {0F3ADD4A-DF08-4647-A19E-1FDA9BC00ED8}
	EndGlobalSection
EndGlobal
